
Microsoft Visual Studio Solution File, Format Version 12.00
# Visual Studio Version 16
VisualStudioVersion = 16.0.31019.35
MinimumVisualStudioVersion = 10.0.40219.1
Project("{8BC9CEB8-8B4A-11D0-8D11-00A0C91BC942}") = "shudu", "shudu.vcxproj", "{BA2429E3-1B9D-4B4F-B525-543DB2236482}"
EndProject
Project("{8BC9CEB8-8B4A-11D0-8D11-00A0C91BC942}") = "SudokuTest", "SudokuTest\SudokuTest.vcxproj", "{A949AB4A-4ECD-4266-8ACA-47261C6C9DDF}"
EndProject
Global
	GlobalSection(SolutionConfigurationPlatforms) = preSolution
		Debug|x64 = Debug|x64
		Debug|x86 = Debug|x86
		Release|x64 = Release|x64
		Release|x86 = Release|x86
	EndGlobalSection
	GlobalSection(ProjectConfigurationPlatforms) = postSolution
		{BA2429E3-1B9D-4B4F-B525-543DB2236482}.Debug|x64.ActiveCfg = Debug|x64
		{BA2429E3-1B9D-4B4F-B525-543DB2236482}.Debug|x64.Build.0 = Debug|x64
		{BA2429E3-1B9D-4B4F-B525-543DB2236482}.Debug|x86.ActiveCfg = Debug|Win32
		{BA2429E3-1B9D-4B4F-B525-543DB2236482}.Debug|x86.Build.0 = Debug|Win32
		{BA2429E3-1B9D-4B4F-B525-543DB2236482}.Release|x64.ActiveCfg = Release|x64
		{BA2429E3-1B9D-4B4F-B525-543DB2236482}.Release|x64.Build.0 = Release|x64
		{BA2429E3-1B9D-4B4F-B525-543DB2236482}.Release|x86.ActiveCfg = Release|Win32
		{BA2429E3-1B9D-4B4F-B525-543DB2236482}.Release|x86.Build.0 = Release|Win32
		{A949AB4A-4ECD-4266-8ACA-47261C6C9DDF}.Debug|x64.ActiveCfg = Debug|x64
		{A949AB4A-4ECD-4266-8ACA-47261C6C9DDF}.Debug|x64.Build.0 = Debug|x64
		{A949AB4A-4ECD-4266-8ACA-47261C6C9DDF}.Debug|x86.ActiveCfg = Debug|Win32
		{A949AB4A-4ECD-4266-8ACA-47261C6C9DDF}.Debug|x86.Build.0 = Debug|Win32
		{A949AB4A-4ECD-4266-8ACA-47261C6C9DDF}.Release|x64.ActiveCfg = Release|x64
		{A949AB4A-4ECD-4266-8ACA-47261C6C9DDF}.Release|x64.Build.0 = Release|x64
		{A949AB4A-4ECD-4266-8ACA-47261C6C9DDF}.Release|x86.ActiveCfg = Release|Win32
		{A949AB4A-4ECD-4266-8ACA-47261C6C9DDF}.Release|x86.Build.0 = Release|Win32
	EndGlobalSection
	GlobalSection(SolutionProperties) = preSolution
		HideSolutionNode = FALSE
	EndGlobalSection
	GlobalSection(ExtensibilityGlobals) = postSolution
		SolutionGuid = {1D72AD88-8F74-4967-88A3-FA69DDF24A19}
	EndGlobalSection
EndGlobal
